PODS:
  - Flutter (1.0.0)
  - flutter_permissions (0.0.1):
    - Flutter

DEPENDENCIES:
  - Flutter (from `.symlinks/flutter/ios`)
  - flutter_permissions (from `.symlinks/plugins/flutter_permissions/ios`)

EXTERNAL SOURCES:
  Flutter:
    :path: ".symlinks/flutter/ios"
  flutter_permissions:
    :path: ".symlinks/plugins/flutter_permissions/ios"

SPEC CHECKSUMS:
  Flutter: 58dd7d1b27887414a370fcccb9e645c08ffd7a6a
  flutter_permissions: a561fd4b65637a0ca877c6b31cf2766725f2d390

PODFILE CHECKSUM: 1e5af4103afd21ca5ead147d7b81d06f494f51a2

COCOAPODS: 1.2.1
